
Microsoft Visual Studio Solution File, Format Version 12.00
# Visual Studio 14
VisualStudioVersion = 14.0.23107.0
MinimumVisualStudioVersion = 10.0.40219.1
Project("{FAE04EC0-301F-11D3-BF4B-00C04F79EFBC}") = "Plugin.Compass.Android", "Plugin.Compass.Android\Plugin.Compass.Android.csproj", "{AD2D2DB4-E781-4CF1-9B62-3AAD264F196D}"
EndProject
Project("{2150E333-8FDC-42A3-9474-1A3956D46DE8}") = "Solution Items", "Solution Items", "{B3A5653F-13CC-45F3-A096-F09CA5025938}"
	ProjectSection(SolutionItems) = preProject
		..\appveyor.yml = ..\appveyor.yml
		..\bootstrapper.ps1 = ..\bootstrapper.ps1
		..\build.cake = ..\build.cake
		..\CHANGELOG.md = ..\CHANGELOG.md
		..\install-android-sdk.ps1 = ..\install-android-sdk.ps1
		..\LICENSE = ..\LICENSE
		..\readme.md = ..\readme.md
		..\nuget\Plugin.nuspec = ..\nuget\Plugin.nuspec
	EndProjectSection
EndProject
Project("{FAE04EC0-301F-11D3-BF4B-00C04F79EFBC}") = "Plugin.Compass.iOS", "Plugin.Compass.iOSUnified\Plugin.Compass.iOS.csproj", "{CDD3E294-2CF8-427F-8849-206B62670BA2}"
EndProject
Project("{2150E333-8FDC-42A3-9474-1A3956D46DE8}") = "TestApps", "TestApps", "{68E161AA-65BA-4568-9BB7-C49E8F4E6AB0}"
EndProject
Project("{FAE04EC0-301F-11D3-BF4B-00C04F79EFBC}") = "CompassTest.Android", "CompassTest\CompassTest.Android\CompassTest.Android.csproj", "{511D6571-FF2D-4F9F-B71A-2929AA7DB400}"
EndProject
Project("{FAE04EC0-301F-11D3-BF4B-00C04F79EFBC}") = "Plugin.Compass.UWP", "Plugin.Compass.UWP\Plugin.Compass.UWP.csproj", "{385A3748-B5DF-4F04-98CF-C3F262FB71B1}"
EndProject
Project("{FAE04EC0-301F-11D3-BF4B-00C04F79EFBC}") = "Plugin.Compass", "Plugin.Compass\Plugin.Compass.csproj", "{CA0D9AEC-9BA7-4DE7-AEAF-E21A057F01D1}"
EndProject
Project("{FAE04EC0-301F-11D3-BF4B-00C04F79EFBC}") = "Plugin.Compass.Abstractions", "Plugin.Compass.Abstractions\Plugin.Compass.Abstractions.csproj", "{EA18AE26-31B9-4C9C-9073-9CD1D9B5207C}"
EndProject
Global
	GlobalSection(SolutionConfigurationPlatforms) = preSolution
		Ad-Hoc|Any CPU = Ad-Hoc|Any CPU
		Ad-Hoc|ARM = Ad-Hoc|ARM
		Ad-Hoc|iPhone = Ad-Hoc|iPhone
		Ad-Hoc|iPhoneSimulator = Ad-Hoc|iPhoneSimulator
		Ad-Hoc|x64 = Ad-Hoc|x64
		Ad-Hoc|x86 = Ad-Hoc|x86
		AppStore|Any CPU = AppStore|Any CPU
		AppStore|ARM = AppStore|ARM
		AppStore|iPhone = AppStore|iPhone
		AppStore|iPhoneSimulator = AppStore|iPhoneSimulator
		AppStore|x64 = AppStore|x64
		AppStore|x86 = AppStore|x86
		Debug|Any CPU = Debug|Any CPU
		Debug|ARM = Debug|ARM
		Debug|iPhone = Debug|iPhone
		Debug|iPhoneSimulator = Debug|iPhoneSimulator
		Debug|x64 = Debug|x64
		Debug|x86 = Debug|x86
		Release|Any CPU = Release|Any CPU
		Release|ARM = Release|ARM
		Release|iPhone = Release|iPhone
		Release|iPhoneSimulator = Release|iPhoneSimulator
		Release|x64 = Release|x64
		Release|x86 = Release|x86
	EndGlobalSection
	GlobalSection(ProjectConfigurationPlatforms) = postSolution
		{AD2D2DB4-E781-4CF1-9B62-3AAD264F196D}.Ad-Hoc|Any CPU.ActiveCfg = Release|Any CPU
		{AD2D2DB4-E781-4CF1-9B62-3AAD264F196D}.Ad-Hoc|Any CPU.Build.0 = Release|Any CPU
		{AD2D2DB4-E781-4CF1-9B62-3AAD264F196D}.Ad-Hoc|ARM.ActiveCfg = Release|Any CPU
		{AD2D2DB4-E781-4CF1-9B62-3AAD264F196D}.Ad-Hoc|ARM.Build.0 = Release|Any CPU
		{AD2D2DB4-E781-4CF1-9B62-3AAD264F196D}.Ad-Hoc|iPhone.ActiveCfg = Release|Any CPU
		{AD2D2DB4-E781-4CF1-9B62-3AAD264F196D}.Ad-Hoc|iPhone.Build.0 = Release|Any CPU
		{AD2D2DB4-E781-4CF1-9B62-3AAD264F196D}.Ad-Hoc|iPhoneSimulator.ActiveCfg = Release|Any CPU
		{AD2D2DB4-E781-4CF1-9B62-3AAD264F196D}.Ad-Hoc|iPhoneSimulator.Build.0 = Release|Any CPU
		{AD2D2DB4-E781-4CF1-9B62-3AAD264F196D}.Ad-Hoc|x64.ActiveCfg = Debug|Any CPU
		{AD2D2DB4-E781-4CF1-9B62-3AAD264F196D}.Ad-Hoc|x64.Build.0 = Debug|Any CPU
		{AD2D2DB4-E781-4CF1-9B62-3AAD264F196D}.Ad-Hoc|x86.ActiveCfg = Release|Any CPU
		{AD2D2DB4-E781-4CF1-9B62-3AAD264F196D}.Ad-Hoc|x86.Build.0 = Release|Any CPU
		{AD2D2DB4-E781-4CF1-9B62-3AAD264F196D}.AppStore|Any CPU.ActiveCfg = Release|Any CPU
		{AD2D2DB4-E781-4CF1-9B62-3AAD264F196D}.AppStore|Any CPU.Build.0 = Release|Any CPU
		{AD2D2DB4-E781-4CF1-9B62-3AAD264F196D}.AppStore|ARM.ActiveCfg = Release|Any CPU
		{AD2D2DB4-E781-4CF1-9B62-3AAD264F196D}.AppStore|ARM.Build.0 = Release|Any CPU
		{AD2D2DB4-E781-4CF1-9B62-3AAD264F196D}.AppStore|iPhone.ActiveCfg = Release|Any CPU
		{AD2D2DB4-E781-4CF1-9B62-3AAD264F196D}.AppStore|iPhone.Build.0 = Release|Any CPU
		{AD2D2DB4-E781-4CF1-9B62-3AAD264F196D}.AppStore|iPhoneSimulator.ActiveCfg = Release|Any CPU
		{AD2D2DB4-E781-4CF1-9B62-3AAD264F196D}.AppStore|iPhoneSimulator.Build.0 = Release|Any CPU
		{AD2D2DB4-E781-4CF1-9B62-3AAD264F196D}.AppStore|x64.ActiveCfg = Debug|Any CPU
		{AD2D2DB4-E781-4CF1-9B62-3AAD264F196D}.AppStore|x64.Build.0 = Debug|Any CPU
		{AD2D2DB4-E781-4CF1-9B62-3AAD264F196D}.AppStore|x86.ActiveCfg = Release|Any CPU
		{AD2D2DB4-E781-4CF1-9B62-3AAD264F196D}.AppStore|x86.Build.0 = Release|Any CPU
		{AD2D2DB4-E781-4CF1-9B62-3AAD264F196D}.Debug|Any CPU.ActiveCfg = Debug|Any CPU
		{AD2D2DB4-E781-4CF1-9B62-3AAD264F196D}.Debug|Any CPU.Build.0 = Debug|Any CPU
		{AD2D2DB4-E781-4CF1-9B62-3AAD264F196D}.Debug|ARM.ActiveCfg = Debug|Any CPU
		{AD2D2DB4-E781-4CF1-9B62-3AAD264F196D}.Debug|iPhone.ActiveCfg = Debug|Any CPU
		{AD2D2DB4-E781-4CF1-9B62-3AAD264F196D}.Debug|iPhone.Build.0 = Debug|Any CPU
		{AD2D2DB4-E781-4CF1-9B62-3AAD264F196D}.Debug|iPhoneSimulator.ActiveCfg = Debug|Any CPU
		{AD2D2DB4-E781-4CF1-9B62-3AAD264F196D}.Debug|iPhoneSimulator.Build.0 = Debug|Any CPU
		{AD2D2DB4-E781-4CF1-9B62-3AAD264F196D}.Debug|x64.ActiveCfg = Debug|Any CPU
		{AD2D2DB4-E781-4CF1-9B62-3AAD264F196D}.Debug|x64.Build.0 = Debug|Any CPU
		{AD2D2DB4-E781-4CF1-9B62-3AAD264F196D}.Debug|x86.ActiveCfg = Debug|Any CPU
		{AD2D2DB4-E781-4CF1-9B62-3AAD264F196D}.Release|Any CPU.ActiveCfg = Release|Any CPU
		{AD2D2DB4-E781-4CF1-9B62-3AAD264F196D}.Release|Any CPU.Build.0 = Release|Any CPU
		{AD2D2DB4-E781-4CF1-9B62-3AAD264F196D}.Release|ARM.ActiveCfg = Release|Any CPU
		{AD2D2DB4-E781-4CF1-9B62-3AAD264F196D}.Release|iPhone.ActiveCfg = Release|Any CPU
		{AD2D2DB4-E781-4CF1-9B62-3AAD264F196D}.Release|iPhone.Build.0 = Release|Any CPU
		{AD2D2DB4-E781-4CF1-9B62-3AAD264F196D}.Release|iPhoneSimulator.ActiveCfg = Release|Any CPU
		{AD2D2DB4-E781-4CF1-9B62-3AAD264F196D}.Release|iPhoneSimulator.Build.0 = Release|Any CPU
		{AD2D2DB4-E781-4CF1-9B62-3AAD264F196D}.Release|x64.ActiveCfg = Release|Any CPU
		{AD2D2DB4-E781-4CF1-9B62-3AAD264F196D}.Release|x64.Build.0 = Release|Any CPU
		{AD2D2DB4-E781-4CF1-9B62-3AAD264F196D}.Release|x86.ActiveCfg = Release|Any CPU
		{CDD3E294-2CF8-427F-8849-206B62670BA2}.Ad-Hoc|Any CPU.ActiveCfg = Release|Any CPU
		{CDD3E294-2CF8-427F-8849-206B62670BA2}.Ad-Hoc|Any CPU.Build.0 = Release|Any CPU
		{CDD3E294-2CF8-427F-8849-206B62670BA2}.Ad-Hoc|ARM.ActiveCfg = Release|Any CPU
		{CDD3E294-2CF8-427F-8849-206B62670BA2}.Ad-Hoc|ARM.Build.0 = Release|Any CPU
		{CDD3E294-2CF8-427F-8849-206B62670BA2}.Ad-Hoc|iPhone.ActiveCfg = Release|Any CPU
		{CDD3E294-2CF8-427F-8849-206B62670BA2}.Ad-Hoc|iPhone.Build.0 = Release|Any CPU
		{CDD3E294-2CF8-427F-8849-206B62670BA2}.Ad-Hoc|iPhoneSimulator.ActiveCfg = Release|Any CPU
		{CDD3E294-2CF8-427F-8849-206B62670BA2}.Ad-Hoc|iPhoneSimulator.Build.0 = Release|Any CPU
		{CDD3E294-2CF8-427F-8849-206B62670BA2}.Ad-Hoc|x64.ActiveCfg = Debug|Any CPU
		{CDD3E294-2CF8-427F-8849-206B62670BA2}.Ad-Hoc|x64.Build.0 = Debug|Any CPU
		{CDD3E294-2CF8-427F-8849-206B62670BA2}.Ad-Hoc|x86.ActiveCfg = Release|Any CPU
		{CDD3E294-2CF8-427F-8849-206B62670BA2}.Ad-Hoc|x86.Build.0 = Release|Any CPU
		{CDD3E294-2CF8-427F-8849-206B62670BA2}.AppStore|Any CPU.ActiveCfg = Release|Any CPU
		{CDD3E294-2CF8-427F-8849-206B62670BA2}.AppStore|Any CPU.Build.0 = Release|Any CPU
		{CDD3E294-2CF8-427F-8849-206B62670BA2}.AppStore|ARM.ActiveCfg = Release|Any CPU
		{CDD3E294-2CF8-427F-8849-206B62670BA2}.AppStore|ARM.Build.0 = Release|Any CPU
		{CDD3E294-2CF8-427F-8849-206B62670BA2}.AppStore|iPhone.ActiveCfg = Release|Any CPU
		{CDD3E294-2CF8-427F-8849-206B62670BA2}.AppStore|iPhone.Build.0 = Release|Any CPU
		{CDD3E294-2CF8-427F-8849-206B62670BA2}.AppStore|iPhoneSimulator.ActiveCfg = Release|Any CPU
		{CDD3E294-2CF8-427F-8849-206B62670BA2}.AppStore|iPhoneSimulator.Build.0 = Release|Any CPU
		{CDD3E294-2CF8-427F-8849-206B62670BA2}.AppStore|x64.ActiveCfg = Debug|Any CPU
		{CDD3E294-2CF8-427F-8849-206B62670BA2}.AppStore|x64.Build.0 = Debug|Any CPU
		{CDD3E294-2CF8-427F-8849-206B62670BA2}.AppStore|x86.ActiveCfg = Release|Any CPU
		{CDD3E294-2CF8-427F-8849-206B62670BA2}.AppStore|x86.Build.0 = Release|Any CPU
		{CDD3E294-2CF8-427F-8849-206B62670BA2}.Debug|Any CPU.ActiveCfg = Debug|Any CPU
		{CDD3E294-2CF8-427F-8849-206B62670BA2}.Debug|Any CPU.Build.0 = Debug|Any CPU
		{CDD3E294-2CF8-427F-8849-206B62670BA2}.Debug|ARM.ActiveCfg = Debug|Any CPU
		{CDD3E294-2CF8-427F-8849-206B62670BA2}.Debug|iPhone.ActiveCfg = Debug|Any CPU
		{CDD3E294-2CF8-427F-8849-206B62670BA2}.Debug|iPhone.Build.0 = Debug|Any CPU
		{CDD3E294-2CF8-427F-8849-206B62670BA2}.Debug|iPhoneSimulator.ActiveCfg = Debug|Any CPU
		{CDD3E294-2CF8-427F-8849-206B62670BA2}.Debug|iPhoneSimulator.Build.0 = Debug|Any CPU
		{CDD3E294-2CF8-427F-8849-206B62670BA2}.Debug|x64.ActiveCfg = Debug|Any CPU
		{CDD3E294-2CF8-427F-8849-206B62670BA2}.Debug|x64.Build.0 = Debug|Any CPU
		{CDD3E294-2CF8-427F-8849-206B62670BA2}.Debug|x86.ActiveCfg = Debug|Any CPU
		{CDD3E294-2CF8-427F-8849-206B62670BA2}.Release|Any CPU.ActiveCfg = Release|Any CPU
		{CDD3E294-2CF8-427F-8849-206B62670BA2}.Release|Any CPU.Build.0 = Release|Any CPU
		{CDD3E294-2CF8-427F-8849-206B62670BA2}.Release|ARM.ActiveCfg = Release|Any CPU
		{CDD3E294-2CF8-427F-8849-206B62670BA2}.Release|iPhone.ActiveCfg = Release|Any CPU
		{CDD3E294-2CF8-427F-8849-206B62670BA2}.Release|iPhone.Build.0 = Release|Any CPU
		{CDD3E294-2CF8-427F-8849-206B62670BA2}.Release|iPhoneSimulator.ActiveCfg = Release|Any CPU
		{CDD3E294-2CF8-427F-8849-206B62670BA2}.Release|iPhoneSimulator.Build.0 = Release|Any CPU
		{CDD3E294-2CF8-427F-8849-206B62670BA2}.Release|x64.ActiveCfg = Release|Any CPU
		{CDD3E294-2CF8-427F-8849-206B62670BA2}.Release|x64.Build.0 = Release|Any CPU
		{CDD3E294-2CF8-427F-8849-206B62670BA2}.Release|x86.ActiveCfg = Release|Any CPU
		{511D6571-FF2D-4F9F-B71A-2929AA7DB400}.Ad-Hoc|Any CPU.ActiveCfg = Release|Any CPU
		{511D6571-FF2D-4F9F-B71A-2929AA7DB400}.Ad-Hoc|Any CPU.Build.0 = Release|Any CPU
		{511D6571-FF2D-4F9F-B71A-2929AA7DB400}.Ad-Hoc|Any CPU.Deploy.0 = Release|Any CPU
		{511D6571-FF2D-4F9F-B71A-2929AA7DB400}.Ad-Hoc|ARM.ActiveCfg = Release|Any CPU
		{511D6571-FF2D-4F9F-B71A-2929AA7DB400}.Ad-Hoc|ARM.Build.0 = Release|Any CPU
		{511D6571-FF2D-4F9F-B71A-2929AA7DB400}.Ad-Hoc|ARM.Deploy.0 = Release|Any CPU
		{511D6571-FF2D-4F9F-B71A-2929AA7DB400}.Ad-Hoc|iPhone.ActiveCfg = Release|Any CPU
		{511D6571-FF2D-4F9F-B71A-2929AA7DB400}.Ad-Hoc|iPhone.Build.0 = Release|Any CPU
		{511D6571-FF2D-4F9F-B71A-2929AA7DB400}.Ad-Hoc|iPhone.Deploy.0 = Release|Any CPU
		{511D6571-FF2D-4F9F-B71A-2929AA7DB400}.Ad-Hoc|iPhoneSimulator.ActiveCfg = Release|Any CPU
		{511D6571-FF2D-4F9F-B71A-2929AA7DB400}.Ad-Hoc|iPhoneSimulator.Build.0 = Release|Any CPU
		{511D6571-FF2D-4F9F-B71A-2929AA7DB400}.Ad-Hoc|iPhoneSimulator.Deploy.0 = Release|Any CPU
		{511D6571-FF2D-4F9F-B71A-2929AA7DB400}.Ad-Hoc|x64.ActiveCfg = Debug|Any CPU
		{511D6571-FF2D-4F9F-B71A-2929AA7DB400}.Ad-Hoc|x64.Build.0 = Debug|Any CPU
		{511D6571-FF2D-4F9F-B71A-2929AA7DB400}.Ad-Hoc|x64.Deploy.0 = Debug|Any CPU
		{511D6571-FF2D-4F9F-B71A-2929AA7DB400}.Ad-Hoc|x86.ActiveCfg = Release|Any CPU
		{511D6571-FF2D-4F9F-B71A-2929AA7DB400}.Ad-Hoc|x86.Build.0 = Release|Any CPU
		{511D6571-FF2D-4F9F-B71A-2929AA7DB400}.Ad-Hoc|x86.Deploy.0 = Release|Any CPU
		{511D6571-FF2D-4F9F-B71A-2929AA7DB400}.AppStore|Any CPU.ActiveCfg = Release|Any CPU
		{511D6571-FF2D-4F9F-B71A-2929AA7DB400}.AppStore|Any CPU.Build.0 = Release|Any CPU
		{511D6571-FF2D-4F9F-B71A-2929AA7DB400}.AppStore|Any CPU.Deploy.0 = Release|Any CPU
		{511D6571-FF2D-4F9F-B71A-2929AA7DB400}.AppStore|ARM.ActiveCfg = Release|Any CPU
		{511D6571-FF2D-4F9F-B71A-2929AA7DB400}.AppStore|ARM.Build.0 = Release|Any CPU
		{511D6571-FF2D-4F9F-B71A-2929AA7DB400}.AppStore|ARM.Deploy.0 = Release|Any CPU
		{511D6571-FF2D-4F9F-B71A-2929AA7DB400}.AppStore|iPhone.ActiveCfg = Release|Any CPU
		{511D6571-FF2D-4F9F-B71A-2929AA7DB400}.AppStore|iPhone.Build.0 = Release|Any CPU
		{511D6571-FF2D-4F9F-B71A-2929AA7DB400}.AppStore|iPhone.Deploy.0 = Release|Any CPU
		{511D6571-FF2D-4F9F-B71A-2929AA7DB400}.AppStore|iPhoneSimulator.ActiveCfg = Release|Any CPU
		{511D6571-FF2D-4F9F-B71A-2929AA7DB400}.AppStore|iPhoneSimulator.Build.0 = Release|Any CPU
		{511D6571-FF2D-4F9F-B71A-2929AA7DB400}.AppStore|iPhoneSimulator.Deploy.0 = Release|Any CPU
		{511D6571-FF2D-4F9F-B71A-2929AA7DB400}.AppStore|x64.ActiveCfg = Debug|Any CPU
		{511D6571-FF2D-4F9F-B71A-2929AA7DB400}.AppStore|x64.Build.0 = Debug|Any CPU
		{511D6571-FF2D-4F9F-B71A-2929AA7DB400}.AppStore|x64.Deploy.0 = Debug|Any CPU
		{511D6571-FF2D-4F9F-B71A-2929AA7DB400}.AppStore|x86.ActiveCfg = Release|Any CPU
		{511D6571-FF2D-4F9F-B71A-2929AA7DB400}.AppStore|x86.Build.0 = Release|Any CPU
		{511D6571-FF2D-4F9F-B71A-2929AA7DB400}.AppStore|x86.Deploy.0 = Release|Any CPU
		{511D6571-FF2D-4F9F-B71A-2929AA7DB400}.Debug|Any CPU.ActiveCfg = Debug|Any CPU
		{511D6571-FF2D-4F9F-B71A-2929AA7DB400}.Debug|Any CPU.Build.0 = Debug|Any CPU
		{511D6571-FF2D-4F9F-B71A-2929AA7DB400}.Debug|Any CPU.Deploy.0 = Debug|Any CPU
		{511D6571-FF2D-4F9F-B71A-2929AA7DB400}.Debug|ARM.ActiveCfg = Debug|Any CPU
		{511D6571-FF2D-4F9F-B71A-2929AA7DB400}.Debug|ARM.Build.0 = Debug|Any CPU
		{511D6571-FF2D-4F9F-B71A-2929AA7DB400}.Debug|ARM.Deploy.0 = Debug|Any CPU
		{511D6571-FF2D-4F9F-B71A-2929AA7DB400}.Debug|iPhone.ActiveCfg = Debug|Any CPU
		{511D6571-FF2D-4F9F-B71A-2929AA7DB400}.Debug|iPhone.Build.0 = Debug|Any CPU
		{511D6571-FF2D-4F9F-B71A-2929AA7DB400}.Debug|iPhone.Deploy.0 = Debug|Any CPU
		{511D6571-FF2D-4F9F-B71A-2929AA7DB400}.Debug|iPhoneSimulator.ActiveCfg = Debug|Any CPU
		{511D6571-FF2D-4F9F-B71A-2929AA7DB400}.Debug|iPhoneSimulator.Build.0 = Debug|Any CPU
		{511D6571-FF2D-4F9F-B71A-2929AA7DB400}.Debug|iPhoneSimulator.Deploy.0 = Debug|Any CPU
		{511D6571-FF2D-4F9F-B71A-2929AA7DB400}.Debug|x64.ActiveCfg = Debug|Any CPU
		{511D6571-FF2D-4F9F-B71A-2929AA7DB400}.Debug|x64.Build.0 = Debug|Any CPU
		{511D6571-FF2D-4F9F-B71A-2929AA7DB400}.Debug|x64.Deploy.0 = Debug|Any CPU
		{511D6571-FF2D-4F9F-B71A-2929AA7DB400}.Debug|x86.ActiveCfg = Debug|Any CPU
		{511D6571-FF2D-4F9F-B71A-2929AA7DB400}.Debug|x86.Build.0 = Debug|Any CPU
		{511D6571-FF2D-4F9F-B71A-2929AA7DB400}.Debug|x86.Deploy.0 = Debug|Any CPU
		{511D6571-FF2D-4F9F-B71A-2929AA7DB400}.Release|Any CPU.ActiveCfg = Release|Any CPU
		{511D6571-FF2D-4F9F-B71A-2929AA7DB400}.Release|ARM.ActiveCfg = Release|Any CPU
		{511D6571-FF2D-4F9F-B71A-2929AA7DB400}.Release|ARM.Build.0 = Release|Any CPU
		{511D6571-FF2D-4F9F-B71A-2929AA7DB400}.Release|ARM.Deploy.0 = Release|Any CPU
		{511D6571-FF2D-4F9F-B71A-2929AA7DB400}.Release|iPhone.ActiveCfg = Release|Any CPU
		{511D6571-FF2D-4F9F-B71A-2929AA7DB400}.Release|iPhone.Build.0 = Release|Any CPU
		{511D6571-FF2D-4F9F-B71A-2929AA7DB400}.Release|iPhone.Deploy.0 = Release|Any CPU
		{511D6571-FF2D-4F9F-B71A-2929AA7DB400}.Release|iPhoneSimulator.ActiveCfg = Release|Any CPU
		{511D6571-FF2D-4F9F-B71A-2929AA7DB400}.Release|iPhoneSimulator.Build.0 = Release|Any CPU
		{511D6571-FF2D-4F9F-B71A-2929AA7DB400}.Release|iPhoneSimulator.Deploy.0 = Release|Any CPU
		{511D6571-FF2D-4F9F-B71A-2929AA7DB400}.Release|x64.ActiveCfg = Release|Any CPU
		{511D6571-FF2D-4F9F-B71A-2929AA7DB400}.Release|x64.Build.0 = Release|Any CPU
		{511D6571-FF2D-4F9F-B71A-2929AA7DB400}.Release|x64.Deploy.0 = Release|Any CPU
		{511D6571-FF2D-4F9F-B71A-2929AA7DB400}.Release|x86.ActiveCfg = Release|Any CPU
		{511D6571-FF2D-4F9F-B71A-2929AA7DB400}.Release|x86.Build.0 = Release|Any CPU
		{511D6571-FF2D-4F9F-B71A-2929AA7DB400}.Release|x86.Deploy.0 = Release|Any CPU
		{511D6571-FF2D-4F9F-B71A-2929AA7DB400}.Release|Any CPU.Build.0 = Release|Any CPU
		{385A3748-B5DF-4F04-98CF-C3F262FB71B1}.Ad-Hoc|Any CPU.ActiveCfg = Release|Any CPU
		{385A3748-B5DF-4F04-98CF-C3F262FB71B1}.Ad-Hoc|Any CPU.Build.0 = Release|Any CPU
		{385A3748-B5DF-4F04-98CF-C3F262FB71B1}.Ad-Hoc|ARM.ActiveCfg = Release|ARM
		{385A3748-B5DF-4F04-98CF-C3F262FB71B1}.Ad-Hoc|ARM.Build.0 = Release|ARM
		{385A3748-B5DF-4F04-98CF-C3F262FB71B1}.Ad-Hoc|iPhone.ActiveCfg = Release|Any CPU
		{385A3748-B5DF-4F04-98CF-C3F262FB71B1}.Ad-Hoc|iPhone.Build.0 = Release|Any CPU
		{385A3748-B5DF-4F04-98CF-C3F262FB71B1}.Ad-Hoc|iPhoneSimulator.ActiveCfg = Release|Any CPU
		{385A3748-B5DF-4F04-98CF-C3F262FB71B1}.Ad-Hoc|iPhoneSimulator.Build.0 = Release|Any CPU
		{385A3748-B5DF-4F04-98CF-C3F262FB71B1}.Ad-Hoc|x64.ActiveCfg = Release|x64
		{385A3748-B5DF-4F04-98CF-C3F262FB71B1}.Ad-Hoc|x64.Build.0 = Release|x64
		{385A3748-B5DF-4F04-98CF-C3F262FB71B1}.Ad-Hoc|x86.ActiveCfg = Release|x86
		{385A3748-B5DF-4F04-98CF-C3F262FB71B1}.Ad-Hoc|x86.Build.0 = Release|x86
		{385A3748-B5DF-4F04-98CF-C3F262FB71B1}.AppStore|Any CPU.ActiveCfg = Release|Any CPU
		{385A3748-B5DF-4F04-98CF-C3F262FB71B1}.AppStore|Any CPU.Build.0 = Release|Any CPU
		{385A3748-B5DF-4F04-98CF-C3F262FB71B1}.AppStore|ARM.ActiveCfg = Release|ARM
		{385A3748-B5DF-4F04-98CF-C3F262FB71B1}.AppStore|ARM.Build.0 = Release|ARM
		{385A3748-B5DF-4F04-98CF-C3F262FB71B1}.AppStore|iPhone.ActiveCfg = Release|Any CPU
		{385A3748-B5DF-4F04-98CF-C3F262FB71B1}.AppStore|iPhone.Build.0 = Release|Any CPU
		{385A3748-B5DF-4F04-98CF-C3F262FB71B1}.AppStore|iPhoneSimulator.ActiveCfg = Release|Any CPU
		{385A3748-B5DF-4F04-98CF-C3F262FB71B1}.AppStore|iPhoneSimulator.Build.0 = Release|Any CPU
		{385A3748-B5DF-4F04-98CF-C3F262FB71B1}.AppStore|x64.ActiveCfg = Release|x64
		{385A3748-B5DF-4F04-98CF-C3F262FB71B1}.AppStore|x64.Build.0 = Release|x64
		{385A3748-B5DF-4F04-98CF-C3F262FB71B1}.AppStore|x86.ActiveCfg = Release|x86
		{385A3748-B5DF-4F04-98CF-C3F262FB71B1}.AppStore|x86.Build.0 = Release|x86
		{385A3748-B5DF-4F04-98CF-C3F262FB71B1}.Debug|Any CPU.ActiveCfg = Debug|Any CPU
		{385A3748-B5DF-4F04-98CF-C3F262FB71B1}.Debug|Any CPU.Build.0 = Debug|Any CPU
		{385A3748-B5DF-4F04-98CF-C3F262FB71B1}.Debug|ARM.ActiveCfg = Debug|ARM
		{385A3748-B5DF-4F04-98CF-C3F262FB71B1}.Debug|ARM.Build.0 = Debug|ARM
		{385A3748-B5DF-4F04-98CF-C3F262FB71B1}.Debug|iPhone.ActiveCfg = Debug|Any CPU
		{385A3748-B5DF-4F04-98CF-C3F262FB71B1}.Debug|iPhone.Build.0 = Debug|Any CPU
		{385A3748-B5DF-4F04-98CF-C3F262FB71B1}.Debug|iPhoneSimulator.ActiveCfg = Debug|Any CPU
		{385A3748-B5DF-4F04-98CF-C3F262FB71B1}.Debug|iPhoneSimulator.Build.0 = Debug|Any CPU
		{385A3748-B5DF-4F04-98CF-C3F262FB71B1}.Debug|x64.ActiveCfg = Debug|x64
		{385A3748-B5DF-4F04-98CF-C3F262FB71B1}.Debug|x64.Build.0 = Debug|x64
		{385A3748-B5DF-4F04-98CF-C3F262FB71B1}.Debug|x86.ActiveCfg = Debug|x86
		{385A3748-B5DF-4F04-98CF-C3F262FB71B1}.Debug|x86.Build.0 = Debug|x86
		{385A3748-B5DF-4F04-98CF-C3F262FB71B1}.Release|Any CPU.ActiveCfg = Release|Any CPU
		{385A3748-B5DF-4F04-98CF-C3F262FB71B1}.Release|Any CPU.Build.0 = Release|Any CPU
		{385A3748-B5DF-4F04-98CF-C3F262FB71B1}.Release|ARM.ActiveCfg = Release|ARM
		{385A3748-B5DF-4F04-98CF-C3F262FB71B1}.Release|ARM.Build.0 = Release|ARM
		{385A3748-B5DF-4F04-98CF-C3F262FB71B1}.Release|iPhone.ActiveCfg = Release|Any CPU
		{385A3748-B5DF-4F04-98CF-C3F262FB71B1}.Release|iPhone.Build.0 = Release|Any CPU
		{385A3748-B5DF-4F04-98CF-C3F262FB71B1}.Release|iPhoneSimulator.ActiveCfg = Release|Any CPU
		{385A3748-B5DF-4F04-98CF-C3F262FB71B1}.Release|iPhoneSimulator.Build.0 = Release|Any CPU
		{385A3748-B5DF-4F04-98CF-C3F262FB71B1}.Release|x64.ActiveCfg = Release|x64
		{385A3748-B5DF-4F04-98CF-C3F262FB71B1}.Release|x64.Build.0 = Release|x64
		{385A3748-B5DF-4F04-98CF-C3F262FB71B1}.Release|x86.ActiveCfg = Release|x86
		{385A3748-B5DF-4F04-98CF-C3F262FB71B1}.Release|x86.Build.0 = Release|x86
		{CA0D9AEC-9BA7-4DE7-AEAF-E21A057F01D1}.Ad-Hoc|Any CPU.ActiveCfg = Release|Any CPU
		{CA0D9AEC-9BA7-4DE7-AEAF-E21A057F01D1}.Ad-Hoc|Any CPU.Build.0 = Release|Any CPU
		{CA0D9AEC-9BA7-4DE7-AEAF-E21A057F01D1}.Ad-Hoc|ARM.ActiveCfg = Release|Any CPU
		{CA0D9AEC-9BA7-4DE7-AEAF-E21A057F01D1}.Ad-Hoc|ARM.Build.0 = Release|Any CPU
		{CA0D9AEC-9BA7-4DE7-AEAF-E21A057F01D1}.Ad-Hoc|iPhone.ActiveCfg = Release|Any CPU
		{CA0D9AEC-9BA7-4DE7-AEAF-E21A057F01D1}.Ad-Hoc|iPhone.Build.0 = Release|Any CPU
		{CA0D9AEC-9BA7-4DE7-AEAF-E21A057F01D1}.Ad-Hoc|iPhoneSimulator.ActiveCfg = Release|Any CPU
		{CA0D9AEC-9BA7-4DE7-AEAF-E21A057F01D1}.Ad-Hoc|iPhoneSimulator.Build.0 = Release|Any CPU
		{CA0D9AEC-9BA7-4DE7-AEAF-E21A057F01D1}.Ad-Hoc|x64.ActiveCfg = Debug|Any CPU
		{CA0D9AEC-9BA7-4DE7-AEAF-E21A057F01D1}.Ad-Hoc|x64.Build.0 = Debug|Any CPU
		{CA0D9AEC-9BA7-4DE7-AEAF-E21A057F01D1}.Ad-Hoc|x86.ActiveCfg = Release|Any CPU
		{CA0D9AEC-9BA7-4DE7-AEAF-E21A057F01D1}.Ad-Hoc|x86.Build.0 = Release|Any CPU
		{CA0D9AEC-9BA7-4DE7-AEAF-E21A057F01D1}.AppStore|Any CPU.ActiveCfg = Release|Any CPU
		{CA0D9AEC-9BA7-4DE7-AEAF-E21A057F01D1}.AppStore|Any CPU.Build.0 = Release|Any CPU
		{CA0D9AEC-9BA7-4DE7-AEAF-E21A057F01D1}.AppStore|ARM.ActiveCfg = Release|Any CPU
		{CA0D9AEC-9BA7-4DE7-AEAF-E21A057F01D1}.AppStore|ARM.Build.0 = Release|Any CPU
		{CA0D9AEC-9BA7-4DE7-AEAF-E21A057F01D1}.AppStore|iPhone.ActiveCfg = Release|Any CPU
		{CA0D9AEC-9BA7-4DE7-AEAF-E21A057F01D1}.AppStore|iPhone.Build.0 = Release|Any CPU
		{CA0D9AEC-9BA7-4DE7-AEAF-E21A057F01D1}.AppStore|iPhoneSimulator.ActiveCfg = Release|Any CPU
		{CA0D9AEC-9BA7-4DE7-AEAF-E21A057F01D1}.AppStore|iPhoneSimulator.Build.0 = Release|Any CPU
		{CA0D9AEC-9BA7-4DE7-AEAF-E21A057F01D1}.AppStore|x64.ActiveCfg = Debug|Any CPU
		{CA0D9AEC-9BA7-4DE7-AEAF-E21A057F01D1}.AppStore|x64.Build.0 = Debug|Any CPU
		{CA0D9AEC-9BA7-4DE7-AEAF-E21A057F01D1}.AppStore|x86.ActiveCfg = Release|Any CPU
		{CA0D9AEC-9BA7-4DE7-AEAF-E21A057F01D1}.AppStore|x86.Build.0 = Release|Any CPU
		{CA0D9AEC-9BA7-4DE7-AEAF-E21A057F01D1}.Debug|Any CPU.ActiveCfg = Debug|Any CPU
		{CA0D9AEC-9BA7-4DE7-AEAF-E21A057F01D1}.Debug|Any CPU.Build.0 = Debug|Any CPU
		{CA0D9AEC-9BA7-4DE7-AEAF-E21A057F01D1}.Debug|ARM.ActiveCfg = Debug|Any CPU
		{CA0D9AEC-9BA7-4DE7-AEAF-E21A057F01D1}.Debug|ARM.Build.0 = Debug|Any CPU
		{CA0D9AEC-9BA7-4DE7-AEAF-E21A057F01D1}.Debug|iPhone.ActiveCfg = Debug|Any CPU
		{CA0D9AEC-9BA7-4DE7-AEAF-E21A057F01D1}.Debug|iPhone.Build.0 = Debug|Any CPU
		{CA0D9AEC-9BA7-4DE7-AEAF-E21A057F01D1}.Debug|iPhoneSimulator.ActiveCfg = Debug|Any CPU
		{CA0D9AEC-9BA7-4DE7-AEAF-E21A057F01D1}.Debug|iPhoneSimulator.Build.0 = Debug|Any CPU
		{CA0D9AEC-9BA7-4DE7-AEAF-E21A057F01D1}.Debug|x64.ActiveCfg = Debug|Any CPU
		{CA0D9AEC-9BA7-4DE7-AEAF-E21A057F01D1}.Debug|x64.Build.0 = Debug|Any CPU
		{CA0D9AEC-9BA7-4DE7-AEAF-E21A057F01D1}.Debug|x86.ActiveCfg = Debug|Any CPU
		{CA0D9AEC-9BA7-4DE7-AEAF-E21A057F01D1}.Debug|x86.Build.0 = Debug|Any CPU
		{CA0D9AEC-9BA7-4DE7-AEAF-E21A057F01D1}.Release|Any CPU.ActiveCfg = Release|Any CPU
		{CA0D9AEC-9BA7-4DE7-AEAF-E21A057F01D1}.Release|Any CPU.Build.0 = Release|Any CPU
		{CA0D9AEC-9BA7-4DE7-AEAF-E21A057F01D1}.Release|ARM.ActiveCfg = Release|Any CPU
		{CA0D9AEC-9BA7-4DE7-AEAF-E21A057F01D1}.Release|ARM.Build.0 = Release|Any CPU
		{CA0D9AEC-9BA7-4DE7-AEAF-E21A057F01D1}.Release|iPhone.ActiveCfg = Release|Any CPU
		{CA0D9AEC-9BA7-4DE7-AEAF-E21A057F01D1}.Release|iPhone.Build.0 = Release|Any CPU
		{CA0D9AEC-9BA7-4DE7-AEAF-E21A057F01D1}.Release|iPhoneSimulator.ActiveCfg = Release|Any CPU
		{CA0D9AEC-9BA7-4DE7-AEAF-E21A057F01D1}.Release|iPhoneSimulator.Build.0 = Release|Any CPU
		{CA0D9AEC-9BA7-4DE7-AEAF-E21A057F01D1}.Release|x64.ActiveCfg = Release|Any CPU
		{CA0D9AEC-9BA7-4DE7-AEAF-E21A057F01D1}.Release|x64.Build.0 = Release|Any CPU
		{CA0D9AEC-9BA7-4DE7-AEAF-E21A057F01D1}.Release|x86.ActiveCfg = Release|Any CPU
		{CA0D9AEC-9BA7-4DE7-AEAF-E21A057F01D1}.Release|x86.Build.0 = Release|Any CPU
		{EA18AE26-31B9-4C9C-9073-9CD1D9B5207C}.Ad-Hoc|Any CPU.ActiveCfg = Release|Any CPU
		{EA18AE26-31B9-4C9C-9073-9CD1D9B5207C}.Ad-Hoc|Any CPU.Build.0 = Release|Any CPU
		{EA18AE26-31B9-4C9C-9073-9CD1D9B5207C}.Ad-Hoc|ARM.ActiveCfg = Release|Any CPU
		{EA18AE26-31B9-4C9C-9073-9CD1D9B5207C}.Ad-Hoc|ARM.Build.0 = Release|Any CPU
		{EA18AE26-31B9-4C9C-9073-9CD1D9B5207C}.Ad-Hoc|iPhone.ActiveCfg = Release|Any CPU
		{EA18AE26-31B9-4C9C-9073-9CD1D9B5207C}.Ad-Hoc|iPhone.Build.0 = Release|Any CPU
		{EA18AE26-31B9-4C9C-9073-9CD1D9B5207C}.Ad-Hoc|iPhoneSimulator.ActiveCfg = Release|Any CPU
		{EA18AE26-31B9-4C9C-9073-9CD1D9B5207C}.Ad-Hoc|iPhoneSimulator.Build.0 = Release|Any CPU
		{EA18AE26-31B9-4C9C-9073-9CD1D9B5207C}.Ad-Hoc|x64.ActiveCfg = Debug|Any CPU
		{EA18AE26-31B9-4C9C-9073-9CD1D9B5207C}.Ad-Hoc|x64.Build.0 = Debug|Any CPU
		{EA18AE26-31B9-4C9C-9073-9CD1D9B5207C}.Ad-Hoc|x86.ActiveCfg = Release|Any CPU
		{EA18AE26-31B9-4C9C-9073-9CD1D9B5207C}.Ad-Hoc|x86.Build.0 = Release|Any CPU
		{EA18AE26-31B9-4C9C-9073-9CD1D9B5207C}.AppStore|Any CPU.ActiveCfg = Release|Any CPU
		{EA18AE26-31B9-4C9C-9073-9CD1D9B5207C}.AppStore|Any CPU.Build.0 = Release|Any CPU
		{EA18AE26-31B9-4C9C-9073-9CD1D9B5207C}.AppStore|ARM.ActiveCfg = Release|Any CPU
		{EA18AE26-31B9-4C9C-9073-9CD1D9B5207C}.AppStore|ARM.Build.0 = Release|Any CPU
		{EA18AE26-31B9-4C9C-9073-9CD1D9B5207C}.AppStore|iPhone.ActiveCfg = Release|Any CPU
		{EA18AE26-31B9-4C9C-9073-9CD1D9B5207C}.AppStore|iPhone.Build.0 = Release|Any CPU
		{EA18AE26-31B9-4C9C-9073-9CD1D9B5207C}.AppStore|iPhoneSimulator.ActiveCfg = Release|Any CPU
		{EA18AE26-31B9-4C9C-9073-9CD1D9B5207C}.AppStore|iPhoneSimulator.Build.0 = Release|Any CPU
		{EA18AE26-31B9-4C9C-9073-9CD1D9B5207C}.AppStore|x64.ActiveCfg = Debug|Any CPU
		{EA18AE26-31B9-4C9C-9073-9CD1D9B5207C}.AppStore|x64.Build.0 = Debug|Any CPU
		{EA18AE26-31B9-4C9C-9073-9CD1D9B5207C}.AppStore|x86.ActiveCfg = Release|Any CPU
		{EA18AE26-31B9-4C9C-9073-9CD1D9B5207C}.AppStore|x86.Build.0 = Release|Any CPU
		{EA18AE26-31B9-4C9C-9073-9CD1D9B5207C}.Debug|Any CPU.ActiveCfg = Debug|Any CPU
		{EA18AE26-31B9-4C9C-9073-9CD1D9B5207C}.Debug|Any CPU.Build.0 = Debug|Any CPU
		{EA18AE26-31B9-4C9C-9073-9CD1D9B5207C}.Debug|ARM.ActiveCfg = Debug|Any CPU
		{EA18AE26-31B9-4C9C-9073-9CD1D9B5207C}.Debug|ARM.Build.0 = Debug|Any CPU
		{EA18AE26-31B9-4C9C-9073-9CD1D9B5207C}.Debug|iPhone.ActiveCfg = Debug|Any CPU
		{EA18AE26-31B9-4C9C-9073-9CD1D9B5207C}.Debug|iPhone.Build.0 = Debug|Any CPU
		{EA18AE26-31B9-4C9C-9073-9CD1D9B5207C}.Debug|iPhoneSimulator.ActiveCfg = Debug|Any CPU
		{EA18AE26-31B9-4C9C-9073-9CD1D9B5207C}.Debug|iPhoneSimulator.Build.0 = Debug|Any CPU
		{EA18AE26-31B9-4C9C-9073-9CD1D9B5207C}.Debug|x64.ActiveCfg = Debug|Any CPU
		{EA18AE26-31B9-4C9C-9073-9CD1D9B5207C}.Debug|x64.Build.0 = Debug|Any CPU
		{EA18AE26-31B9-4C9C-9073-9CD1D9B5207C}.Debug|x86.ActiveCfg = Debug|Any CPU
		{EA18AE26-31B9-4C9C-9073-9CD1D9B5207C}.Debug|x86.Build.0 = Debug|Any CPU
		{EA18AE26-31B9-4C9C-9073-9CD1D9B5207C}.Release|Any CPU.ActiveCfg = Release|Any CPU
		{EA18AE26-31B9-4C9C-9073-9CD1D9B5207C}.Release|Any CPU.Build.0 = Release|Any CPU
		{EA18AE26-31B9-4C9C-9073-9CD1D9B5207C}.Release|ARM.ActiveCfg = Release|Any CPU
		{EA18AE26-31B9-4C9C-9073-9CD1D9B5207C}.Release|ARM.Build.0 = Release|Any CPU
		{EA18AE26-31B9-4C9C-9073-9CD1D9B5207C}.Release|iPhone.ActiveCfg = Release|Any CPU
		{EA18AE26-31B9-4C9C-9073-9CD1D9B5207C}.Release|iPhone.Build.0 = Release|Any CPU
		{EA18AE26-31B9-4C9C-9073-9CD1D9B5207C}.Release|iPhoneSimulator.ActiveCfg = Release|Any CPU
		{EA18AE26-31B9-4C9C-9073-9CD1D9B5207C}.Release|iPhoneSimulator.Build.0 = Release|Any CPU
		{EA18AE26-31B9-4C9C-9073-9CD1D9B5207C}.Release|x64.ActiveCfg = Release|Any CPU
		{EA18AE26-31B9-4C9C-9073-9CD1D9B5207C}.Release|x64.Build.0 = Release|Any CPU
		{EA18AE26-31B9-4C9C-9073-9CD1D9B5207C}.Release|x86.ActiveCfg = Release|Any CPU
		{EA18AE26-31B9-4C9C-9073-9CD1D9B5207C}.Release|x86.Build.0 = Release|Any CPU
	EndGlobalSection
	GlobalSection(SolutionProperties) = preSolution
		HideSolutionNode = FALSE
	EndGlobalSection
	GlobalSection(NestedProjects) = preSolution
		{511D6571-FF2D-4F9F-B71A-2929AA7DB400} = {68E161AA-65BA-4568-9BB7-C49E8F4E6AB0}
	EndGlobalSection
EndGlobal
