
Microsoft Visual Studio Solution File, Format Version 12.00
# Visual Studio 2013
VisualStudioVersion = 12.0.31101.0
MinimumVisualStudioVersion = 10.0.40219.1
Project("{FAE04EC0-301F-11D3-BF4B-00C04F79EFBC}") = "CompassTest", "CompassTest\CompassTest\CompassTest.csproj", "{40A1E6C8-960C-438F-8AB8-BE30802C9BCD}"
EndProject
Project("{FAE04EC0-301F-11D3-BF4B-00C04F79EFBC}") = "CompassTest.iOS", "CompassTest\CompassTest.iOS\CompassTest.iOS.csproj", "{6AB57AEB-A3AA-4590-AA15-F264F547F4C5}"
EndProject
Project("{FAE04EC0-301F-11D3-BF4B-00C04F79EFBC}") = "CompassTest.Android", "CompassTest\CompassTest.Android\CompassTest.Android.csproj", "{511D6571-FF2D-4F9F-B71A-2929AA7DB400}"
EndProject
Project("{FAE04EC0-301F-11D3-BF4B-00C04F79EFBC}") = "CompassTest.WinPhone", "CompassTest\CompassTest.WinPhone\CompassTest.WinPhone.csproj", "{E3D1BC32-7861-4A00-B72C-74C46BE13AB8}"
EndProject
Project("{2150E333-8FDC-42A3-9474-1A3956D46DE8}") = ".nuget", ".nuget", "{BC88DB7C-6F6D-42D1-89AA-FF668BBF3715}"
	ProjectSection(SolutionItems) = preProject
		.nuget\NuGet.Config = .nuget\NuGet.Config
		.nuget\NuGet.exe = .nuget\NuGet.exe
		.nuget\NuGet.targets = .nuget\NuGet.targets
	EndProjectSection
EndProject
Global
	GlobalSection(SolutionConfigurationPlatforms) = preSolution
		Ad-Hoc|Any CPU = Ad-Hoc|Any CPU
		Ad-Hoc|ARM = Ad-Hoc|ARM
		Ad-Hoc|iPhone = Ad-Hoc|iPhone
		Ad-Hoc|iPhoneSimulator = Ad-Hoc|iPhoneSimulator
		Ad-Hoc|Mixed Platforms = Ad-Hoc|Mixed Platforms
		Ad-Hoc|x86 = Ad-Hoc|x86
		AppStore|Any CPU = AppStore|Any CPU
		AppStore|ARM = AppStore|ARM
		AppStore|iPhone = AppStore|iPhone
		AppStore|iPhoneSimulator = AppStore|iPhoneSimulator
		AppStore|Mixed Platforms = AppStore|Mixed Platforms
		AppStore|x86 = AppStore|x86
		Debug|Any CPU = Debug|Any CPU
		Debug|ARM = Debug|ARM
		Debug|iPhone = Debug|iPhone
		Debug|iPhoneSimulator = Debug|iPhoneSimulator
		Debug|Mixed Platforms = Debug|Mixed Platforms
		Debug|x86 = Debug|x86
		Release|Any CPU = Release|Any CPU
		Release|ARM = Release|ARM
		Release|iPhone = Release|iPhone
		Release|iPhoneSimulator = Release|iPhoneSimulator
		Release|Mixed Platforms = Release|Mixed Platforms
		Release|x86 = Release|x86
	EndGlobalSection
	GlobalSection(ProjectConfigurationPlatforms) = postSolution
		{40A1E6C8-960C-438F-8AB8-BE30802C9BCD}.Ad-Hoc|Any CPU.ActiveCfg = Release|Any CPU
		{40A1E6C8-960C-438F-8AB8-BE30802C9BCD}.Ad-Hoc|Any CPU.Build.0 = Release|Any CPU
		{40A1E6C8-960C-438F-8AB8-BE30802C9BCD}.Ad-Hoc|ARM.ActiveCfg = Release|Any CPU
		{40A1E6C8-960C-438F-8AB8-BE30802C9BCD}.Ad-Hoc|iPhone.ActiveCfg = Release|Any CPU
		{40A1E6C8-960C-438F-8AB8-BE30802C9BCD}.Ad-Hoc|iPhoneSimulator.ActiveCfg = Release|Any CPU
		{40A1E6C8-960C-438F-8AB8-BE30802C9BCD}.Ad-Hoc|Mixed Platforms.ActiveCfg = Release|Any CPU
		{40A1E6C8-960C-438F-8AB8-BE30802C9BCD}.Ad-Hoc|Mixed Platforms.Build.0 = Release|Any CPU
		{40A1E6C8-960C-438F-8AB8-BE30802C9BCD}.Ad-Hoc|x86.ActiveCfg = Release|Any CPU
		{40A1E6C8-960C-438F-8AB8-BE30802C9BCD}.AppStore|Any CPU.ActiveCfg = Release|Any CPU
		{40A1E6C8-960C-438F-8AB8-BE30802C9BCD}.AppStore|Any CPU.Build.0 = Release|Any CPU
		{40A1E6C8-960C-438F-8AB8-BE30802C9BCD}.AppStore|ARM.ActiveCfg = Release|Any CPU
		{40A1E6C8-960C-438F-8AB8-BE30802C9BCD}.AppStore|iPhone.ActiveCfg = Release|Any CPU
		{40A1E6C8-960C-438F-8AB8-BE30802C9BCD}.AppStore|iPhoneSimulator.ActiveCfg = Release|Any CPU
		{40A1E6C8-960C-438F-8AB8-BE30802C9BCD}.AppStore|Mixed Platforms.ActiveCfg = Release|Any CPU
		{40A1E6C8-960C-438F-8AB8-BE30802C9BCD}.AppStore|Mixed Platforms.Build.0 = Release|Any CPU
		{40A1E6C8-960C-438F-8AB8-BE30802C9BCD}.AppStore|x86.ActiveCfg = Release|Any CPU
		{40A1E6C8-960C-438F-8AB8-BE30802C9BCD}.Debug|Any CPU.ActiveCfg = Debug|Any CPU
		{40A1E6C8-960C-438F-8AB8-BE30802C9BCD}.Debug|Any CPU.Build.0 = Debug|Any CPU
		{40A1E6C8-960C-438F-8AB8-BE30802C9BCD}.Debug|ARM.ActiveCfg = Debug|Any CPU
		{40A1E6C8-960C-438F-8AB8-BE30802C9BCD}.Debug|ARM.Build.0 = Debug|Any CPU
		{40A1E6C8-960C-438F-8AB8-BE30802C9BCD}.Debug|iPhone.ActiveCfg = Debug|Any CPU
		{40A1E6C8-960C-438F-8AB8-BE30802C9BCD}.Debug|iPhoneSimulator.ActiveCfg = Debug|Any CPU
		{40A1E6C8-960C-438F-8AB8-BE30802C9BCD}.Debug|Mixed Platforms.ActiveCfg = Debug|Any CPU
		{40A1E6C8-960C-438F-8AB8-BE30802C9BCD}.Debug|Mixed Platforms.Build.0 = Debug|Any CPU
		{40A1E6C8-960C-438F-8AB8-BE30802C9BCD}.Debug|x86.ActiveCfg = Debug|Any CPU
		{40A1E6C8-960C-438F-8AB8-BE30802C9BCD}.Release|Any CPU.ActiveCfg = Release|Any CPU
		{40A1E6C8-960C-438F-8AB8-BE30802C9BCD}.Release|Any CPU.Build.0 = Release|Any CPU
		{40A1E6C8-960C-438F-8AB8-BE30802C9BCD}.Release|ARM.ActiveCfg = Release|Any CPU
		{40A1E6C8-960C-438F-8AB8-BE30802C9BCD}.Release|iPhone.ActiveCfg = Release|Any CPU
		{40A1E6C8-960C-438F-8AB8-BE30802C9BCD}.Release|iPhoneSimulator.ActiveCfg = Release|Any CPU
		{40A1E6C8-960C-438F-8AB8-BE30802C9BCD}.Release|Mixed Platforms.ActiveCfg = Release|Any CPU
		{40A1E6C8-960C-438F-8AB8-BE30802C9BCD}.Release|Mixed Platforms.Build.0 = Release|Any CPU
		{40A1E6C8-960C-438F-8AB8-BE30802C9BCD}.Release|x86.ActiveCfg = Release|Any CPU
		{6AB57AEB-A3AA-4590-AA15-F264F547F4C5}.Ad-Hoc|Any CPU.ActiveCfg = Ad-Hoc|iPhone
		{6AB57AEB-A3AA-4590-AA15-F264F547F4C5}.Ad-Hoc|ARM.ActiveCfg = Ad-Hoc|iPhone
		{6AB57AEB-A3AA-4590-AA15-F264F547F4C5}.Ad-Hoc|iPhone.ActiveCfg = Ad-Hoc|iPhone
		{6AB57AEB-A3AA-4590-AA15-F264F547F4C5}.Ad-Hoc|iPhone.Build.0 = Ad-Hoc|iPhone
		{6AB57AEB-A3AA-4590-AA15-F264F547F4C5}.Ad-Hoc|iPhoneSimulator.ActiveCfg = Ad-Hoc|iPhoneSimulator
		{6AB57AEB-A3AA-4590-AA15-F264F547F4C5}.Ad-Hoc|iPhoneSimulator.Build.0 = Ad-Hoc|iPhoneSimulator
		{6AB57AEB-A3AA-4590-AA15-F264F547F4C5}.Ad-Hoc|Mixed Platforms.ActiveCfg = Ad-Hoc|iPhone
		{6AB57AEB-A3AA-4590-AA15-F264F547F4C5}.Ad-Hoc|Mixed Platforms.Build.0 = Ad-Hoc|iPhone
		{6AB57AEB-A3AA-4590-AA15-F264F547F4C5}.Ad-Hoc|x86.ActiveCfg = Ad-Hoc|iPhone
		{6AB57AEB-A3AA-4590-AA15-F264F547F4C5}.AppStore|Any CPU.ActiveCfg = AppStore|iPhone
		{6AB57AEB-A3AA-4590-AA15-F264F547F4C5}.AppStore|ARM.ActiveCfg = AppStore|iPhone
		{6AB57AEB-A3AA-4590-AA15-F264F547F4C5}.AppStore|iPhone.ActiveCfg = AppStore|iPhone
		{6AB57AEB-A3AA-4590-AA15-F264F547F4C5}.AppStore|iPhone.Build.0 = AppStore|iPhone
		{6AB57AEB-A3AA-4590-AA15-F264F547F4C5}.AppStore|iPhoneSimulator.ActiveCfg = AppStore|iPhoneSimulator
		{6AB57AEB-A3AA-4590-AA15-F264F547F4C5}.AppStore|iPhoneSimulator.Build.0 = AppStore|iPhoneSimulator
		{6AB57AEB-A3AA-4590-AA15-F264F547F4C5}.AppStore|Mixed Platforms.ActiveCfg = AppStore|iPhone
		{6AB57AEB-A3AA-4590-AA15-F264F547F4C5}.AppStore|Mixed Platforms.Build.0 = AppStore|iPhone
		{6AB57AEB-A3AA-4590-AA15-F264F547F4C5}.AppStore|x86.ActiveCfg = AppStore|iPhone
		{6AB57AEB-A3AA-4590-AA15-F264F547F4C5}.Debug|Any CPU.ActiveCfg = Debug|iPhone
		{6AB57AEB-A3AA-4590-AA15-F264F547F4C5}.Debug|ARM.ActiveCfg = Debug|iPhone
		{6AB57AEB-A3AA-4590-AA15-F264F547F4C5}.Debug|iPhone.ActiveCfg = Debug|iPhone
		{6AB57AEB-A3AA-4590-AA15-F264F547F4C5}.Debug|iPhone.Build.0 = Debug|iPhone
		{6AB57AEB-A3AA-4590-AA15-F264F547F4C5}.Debug|iPhoneSimulator.ActiveCfg = Debug|iPhoneSimulator
		{6AB57AEB-A3AA-4590-AA15-F264F547F4C5}.Debug|iPhoneSimulator.Build.0 = Debug|iPhoneSimulator
		{6AB57AEB-A3AA-4590-AA15-F264F547F4C5}.Debug|Mixed Platforms.ActiveCfg = Debug|iPhone
		{6AB57AEB-A3AA-4590-AA15-F264F547F4C5}.Debug|Mixed Platforms.Build.0 = Debug|iPhone
		{6AB57AEB-A3AA-4590-AA15-F264F547F4C5}.Debug|x86.ActiveCfg = Debug|iPhone
		{6AB57AEB-A3AA-4590-AA15-F264F547F4C5}.Release|Any CPU.ActiveCfg = Release|iPhone
		{6AB57AEB-A3AA-4590-AA15-F264F547F4C5}.Release|ARM.ActiveCfg = Release|iPhone
		{6AB57AEB-A3AA-4590-AA15-F264F547F4C5}.Release|iPhone.ActiveCfg = Release|iPhone
		{6AB57AEB-A3AA-4590-AA15-F264F547F4C5}.Release|iPhone.Build.0 = Release|iPhone
		{6AB57AEB-A3AA-4590-AA15-F264F547F4C5}.Release|iPhoneSimulator.ActiveCfg = Release|iPhoneSimulator
		{6AB57AEB-A3AA-4590-AA15-F264F547F4C5}.Release|iPhoneSimulator.Build.0 = Release|iPhoneSimulator
		{6AB57AEB-A3AA-4590-AA15-F264F547F4C5}.Release|Mixed Platforms.ActiveCfg = Release|iPhone
		{6AB57AEB-A3AA-4590-AA15-F264F547F4C5}.Release|Mixed Platforms.Build.0 = Release|iPhone
		{6AB57AEB-A3AA-4590-AA15-F264F547F4C5}.Release|x86.ActiveCfg = Release|iPhone
		{511D6571-FF2D-4F9F-B71A-2929AA7DB400}.Ad-Hoc|Any CPU.ActiveCfg = Release|Any CPU
		{511D6571-FF2D-4F9F-B71A-2929AA7DB400}.Ad-Hoc|Any CPU.Build.0 = Release|Any CPU
		{511D6571-FF2D-4F9F-B71A-2929AA7DB400}.Ad-Hoc|Any CPU.Deploy.0 = Release|Any CPU
		{511D6571-FF2D-4F9F-B71A-2929AA7DB400}.Ad-Hoc|ARM.ActiveCfg = Release|Any CPU
		{511D6571-FF2D-4F9F-B71A-2929AA7DB400}.Ad-Hoc|iPhone.ActiveCfg = Release|Any CPU
		{511D6571-FF2D-4F9F-B71A-2929AA7DB400}.Ad-Hoc|iPhoneSimulator.ActiveCfg = Release|Any CPU
		{511D6571-FF2D-4F9F-B71A-2929AA7DB400}.Ad-Hoc|Mixed Platforms.ActiveCfg = Release|Any CPU
		{511D6571-FF2D-4F9F-B71A-2929AA7DB400}.Ad-Hoc|Mixed Platforms.Build.0 = Release|Any CPU
		{511D6571-FF2D-4F9F-B71A-2929AA7DB400}.Ad-Hoc|Mixed Platforms.Deploy.0 = Release|Any CPU
		{511D6571-FF2D-4F9F-B71A-2929AA7DB400}.Ad-Hoc|x86.ActiveCfg = Release|Any CPU
		{511D6571-FF2D-4F9F-B71A-2929AA7DB400}.AppStore|Any CPU.ActiveCfg = Release|Any CPU
		{511D6571-FF2D-4F9F-B71A-2929AA7DB400}.AppStore|Any CPU.Build.0 = Release|Any CPU
		{511D6571-FF2D-4F9F-B71A-2929AA7DB400}.AppStore|Any CPU.Deploy.0 = Release|Any CPU
		{511D6571-FF2D-4F9F-B71A-2929AA7DB400}.AppStore|ARM.ActiveCfg = Release|Any CPU
		{511D6571-FF2D-4F9F-B71A-2929AA7DB400}.AppStore|iPhone.ActiveCfg = Release|Any CPU
		{511D6571-FF2D-4F9F-B71A-2929AA7DB400}.AppStore|iPhoneSimulator.ActiveCfg = Release|Any CPU
		{511D6571-FF2D-4F9F-B71A-2929AA7DB400}.AppStore|Mixed Platforms.ActiveCfg = Release|Any CPU
		{511D6571-FF2D-4F9F-B71A-2929AA7DB400}.AppStore|Mixed Platforms.Build.0 = Release|Any CPU
		{511D6571-FF2D-4F9F-B71A-2929AA7DB400}.AppStore|Mixed Platforms.Deploy.0 = Release|Any CPU
		{511D6571-FF2D-4F9F-B71A-2929AA7DB400}.AppStore|x86.ActiveCfg = Release|Any CPU
		{511D6571-FF2D-4F9F-B71A-2929AA7DB400}.Debug|Any CPU.ActiveCfg = Debug|Any CPU
		{511D6571-FF2D-4F9F-B71A-2929AA7DB400}.Debug|Any CPU.Build.0 = Debug|Any CPU
		{511D6571-FF2D-4F9F-B71A-2929AA7DB400}.Debug|Any CPU.Deploy.0 = Debug|Any CPU
		{511D6571-FF2D-4F9F-B71A-2929AA7DB400}.Debug|ARM.ActiveCfg = Debug|Any CPU
		{511D6571-FF2D-4F9F-B71A-2929AA7DB400}.Debug|iPhone.ActiveCfg = Debug|Any CPU
		{511D6571-FF2D-4F9F-B71A-2929AA7DB400}.Debug|iPhoneSimulator.ActiveCfg = Debug|Any CPU
		{511D6571-FF2D-4F9F-B71A-2929AA7DB400}.Debug|Mixed Platforms.ActiveCfg = Debug|Any CPU
		{511D6571-FF2D-4F9F-B71A-2929AA7DB400}.Debug|Mixed Platforms.Build.0 = Debug|Any CPU
		{511D6571-FF2D-4F9F-B71A-2929AA7DB400}.Debug|Mixed Platforms.Deploy.0 = Debug|Any CPU
		{511D6571-FF2D-4F9F-B71A-2929AA7DB400}.Debug|x86.ActiveCfg = Debug|Any CPU
		{511D6571-FF2D-4F9F-B71A-2929AA7DB400}.Release|Any CPU.ActiveCfg = Release|Any CPU
		{511D6571-FF2D-4F9F-B71A-2929AA7DB400}.Release|Any CPU.Build.0 = Release|Any CPU
		{511D6571-FF2D-4F9F-B71A-2929AA7DB400}.Release|Any CPU.Deploy.0 = Release|Any CPU
		{511D6571-FF2D-4F9F-B71A-2929AA7DB400}.Release|ARM.ActiveCfg = Release|Any CPU
		{511D6571-FF2D-4F9F-B71A-2929AA7DB400}.Release|iPhone.ActiveCfg = Release|Any CPU
		{511D6571-FF2D-4F9F-B71A-2929AA7DB400}.Release|iPhoneSimulator.ActiveCfg = Release|Any CPU
		{511D6571-FF2D-4F9F-B71A-2929AA7DB400}.Release|Mixed Platforms.ActiveCfg = Release|Any CPU
		{511D6571-FF2D-4F9F-B71A-2929AA7DB400}.Release|Mixed Platforms.Build.0 = Release|Any CPU
		{511D6571-FF2D-4F9F-B71A-2929AA7DB400}.Release|Mixed Platforms.Deploy.0 = Release|Any CPU
		{511D6571-FF2D-4F9F-B71A-2929AA7DB400}.Release|x86.ActiveCfg = Release|Any CPU
		{E3D1BC32-7861-4A00-B72C-74C46BE13AB8}.Ad-Hoc|Any CPU.ActiveCfg = Release|Any CPU
		{E3D1BC32-7861-4A00-B72C-74C46BE13AB8}.Ad-Hoc|Any CPU.Build.0 = Release|Any CPU
		{E3D1BC32-7861-4A00-B72C-74C46BE13AB8}.Ad-Hoc|Any CPU.Deploy.0 = Release|Any CPU
		{E3D1BC32-7861-4A00-B72C-74C46BE13AB8}.Ad-Hoc|ARM.ActiveCfg = Release|ARM
		{E3D1BC32-7861-4A00-B72C-74C46BE13AB8}.Ad-Hoc|ARM.Build.0 = Release|ARM
		{E3D1BC32-7861-4A00-B72C-74C46BE13AB8}.Ad-Hoc|ARM.Deploy.0 = Release|ARM
		{E3D1BC32-7861-4A00-B72C-74C46BE13AB8}.Ad-Hoc|iPhone.ActiveCfg = Release|Any CPU
		{E3D1BC32-7861-4A00-B72C-74C46BE13AB8}.Ad-Hoc|iPhoneSimulator.ActiveCfg = Release|Any CPU
		{E3D1BC32-7861-4A00-B72C-74C46BE13AB8}.Ad-Hoc|Mixed Platforms.ActiveCfg = Release|x86
		{E3D1BC32-7861-4A00-B72C-74C46BE13AB8}.Ad-Hoc|Mixed Platforms.Build.0 = Release|x86
		{E3D1BC32-7861-4A00-B72C-74C46BE13AB8}.Ad-Hoc|Mixed Platforms.Deploy.0 = Release|x86
		{E3D1BC32-7861-4A00-B72C-74C46BE13AB8}.Ad-Hoc|x86.ActiveCfg = Release|x86
		{E3D1BC32-7861-4A00-B72C-74C46BE13AB8}.Ad-Hoc|x86.Build.0 = Release|x86
		{E3D1BC32-7861-4A00-B72C-74C46BE13AB8}.Ad-Hoc|x86.Deploy.0 = Release|x86
		{E3D1BC32-7861-4A00-B72C-74C46BE13AB8}.AppStore|Any CPU.ActiveCfg = Release|Any CPU
		{E3D1BC32-7861-4A00-B72C-74C46BE13AB8}.AppStore|Any CPU.Build.0 = Release|Any CPU
		{E3D1BC32-7861-4A00-B72C-74C46BE13AB8}.AppStore|Any CPU.Deploy.0 = Release|Any CPU
		{E3D1BC32-7861-4A00-B72C-74C46BE13AB8}.AppStore|ARM.ActiveCfg = Release|ARM
		{E3D1BC32-7861-4A00-B72C-74C46BE13AB8}.AppStore|ARM.Build.0 = Release|ARM
		{E3D1BC32-7861-4A00-B72C-74C46BE13AB8}.AppStore|ARM.Deploy.0 = Release|ARM
		{E3D1BC32-7861-4A00-B72C-74C46BE13AB8}.AppStore|iPhone.ActiveCfg = Release|Any CPU
		{E3D1BC32-7861-4A00-B72C-74C46BE13AB8}.AppStore|iPhoneSimulator.ActiveCfg = Release|Any CPU
		{E3D1BC32-7861-4A00-B72C-74C46BE13AB8}.AppStore|Mixed Platforms.ActiveCfg = Release|x86
		{E3D1BC32-7861-4A00-B72C-74C46BE13AB8}.AppStore|Mixed Platforms.Build.0 = Release|x86
		{E3D1BC32-7861-4A00-B72C-74C46BE13AB8}.AppStore|Mixed Platforms.Deploy.0 = Release|x86
		{E3D1BC32-7861-4A00-B72C-74C46BE13AB8}.AppStore|x86.ActiveCfg = Release|x86
		{E3D1BC32-7861-4A00-B72C-74C46BE13AB8}.AppStore|x86.Build.0 = Release|x86
		{E3D1BC32-7861-4A00-B72C-74C46BE13AB8}.AppStore|x86.Deploy.0 = Release|x86
		{E3D1BC32-7861-4A00-B72C-74C46BE13AB8}.Debug|Any CPU.ActiveCfg = Debug|Any CPU
		{E3D1BC32-7861-4A00-B72C-74C46BE13AB8}.Debug|Any CPU.Build.0 = Debug|Any CPU
		{E3D1BC32-7861-4A00-B72C-74C46BE13AB8}.Debug|Any CPU.Deploy.0 = Debug|Any CPU
		{E3D1BC32-7861-4A00-B72C-74C46BE13AB8}.Debug|ARM.ActiveCfg = Debug|ARM
		{E3D1BC32-7861-4A00-B72C-74C46BE13AB8}.Debug|ARM.Build.0 = Debug|ARM
		{E3D1BC32-7861-4A00-B72C-74C46BE13AB8}.Debug|ARM.Deploy.0 = Debug|ARM
		{E3D1BC32-7861-4A00-B72C-74C46BE13AB8}.Debug|iPhone.ActiveCfg = Debug|Any CPU
		{E3D1BC32-7861-4A00-B72C-74C46BE13AB8}.Debug|iPhoneSimulator.ActiveCfg = Debug|Any CPU
		{E3D1BC32-7861-4A00-B72C-74C46BE13AB8}.Debug|Mixed Platforms.ActiveCfg = Debug|x86
		{E3D1BC32-7861-4A00-B72C-74C46BE13AB8}.Debug|Mixed Platforms.Build.0 = Debug|x86
		{E3D1BC32-7861-4A00-B72C-74C46BE13AB8}.Debug|Mixed Platforms.Deploy.0 = Debug|x86
		{E3D1BC32-7861-4A00-B72C-74C46BE13AB8}.Debug|x86.ActiveCfg = Debug|x86
		{E3D1BC32-7861-4A00-B72C-74C46BE13AB8}.Debug|x86.Build.0 = Debug|x86
		{E3D1BC32-7861-4A00-B72C-74C46BE13AB8}.Debug|x86.Deploy.0 = Debug|x86
		{E3D1BC32-7861-4A00-B72C-74C46BE13AB8}.Release|Any CPU.ActiveCfg = Release|Any CPU
		{E3D1BC32-7861-4A00-B72C-74C46BE13AB8}.Release|Any CPU.Build.0 = Release|Any CPU
		{E3D1BC32-7861-4A00-B72C-74C46BE13AB8}.Release|Any CPU.Deploy.0 = Release|Any CPU
		{E3D1BC32-7861-4A00-B72C-74C46BE13AB8}.Release|ARM.ActiveCfg = Release|ARM
		{E3D1BC32-7861-4A00-B72C-74C46BE13AB8}.Release|ARM.Build.0 = Release|ARM
		{E3D1BC32-7861-4A00-B72C-74C46BE13AB8}.Release|ARM.Deploy.0 = Release|ARM
		{E3D1BC32-7861-4A00-B72C-74C46BE13AB8}.Release|iPhone.ActiveCfg = Release|Any CPU
		{E3D1BC32-7861-4A00-B72C-74C46BE13AB8}.Release|iPhoneSimulator.ActiveCfg = Release|Any CPU
		{E3D1BC32-7861-4A00-B72C-74C46BE13AB8}.Release|Mixed Platforms.ActiveCfg = Release|x86
		{E3D1BC32-7861-4A00-B72C-74C46BE13AB8}.Release|Mixed Platforms.Build.0 = Release|x86
		{E3D1BC32-7861-4A00-B72C-74C46BE13AB8}.Release|Mixed Platforms.Deploy.0 = Release|x86
		{E3D1BC32-7861-4A00-B72C-74C46BE13AB8}.Release|x86.ActiveCfg = Release|x86
		{E3D1BC32-7861-4A00-B72C-74C46BE13AB8}.Release|x86.Build.0 = Release|x86
		{E3D1BC32-7861-4A00-B72C-74C46BE13AB8}.Release|x86.Deploy.0 = Release|x86
	EndGlobalSection
	GlobalSection(SolutionProperties) = preSolution
		HideSolutionNode = FALSE
	EndGlobalSection
EndGlobal
